
Microsoft Visual Studio Solution File, Format Version 12.00
# Visual Studio Version 17
VisualStudioVersion = 17.4.33213.308
MinimumVisualStudioVersion = 10.0.40219.1
Project("{9A19103F-16F7-4668-BE54-9A1E7A4F7556}") = "EuroBankAPI", "EuroBankAPI\EuroBankAPI.csproj", "{6631F09B-FDD3-4844-98B4-B3B5C82668AD}"
EndProject
Project("{9A19103F-16F7-4668-BE54-9A1E7A4F7556}") = "EuroBankTesting", "EuroBankTesting\EuroBankTesting.csproj", "{7F64F2C5-40B7-4AD3-AA1F-7E1DB4292ADC}"
EndProject
Project("{2150E333-8FDC-42A3-9474-1A3956D46DE8}") = "Solution Items", "Solution Items", "{AC83A2FA-37FC-413C-AC88-161D9E28E04C}"
	ProjectSection(SolutionItems) = preProject
		docker-compose.yml = docker-compose.yml
	EndProjectSection
EndProject
Global
	GlobalSection(SolutionConfigurationPlatforms) = preSolution
		Debug|Any CPU = Debug|Any CPU
		Release|Any CPU = Release|Any CPU
	EndGlobalSection
	GlobalSection(ProjectConfigurationPlatforms) = postSolution
		{6631F09B-FDD3-4844-98B4-B3B5C82668AD}.Debug|Any CPU.ActiveCfg = Debug|Any CPU
		{6631F09B-FDD3-4844-98B4-B3B5C82668AD}.Debug|Any CPU.Build.0 = Debug|Any CPU
		{6631F09B-FDD3-4844-98B4-B3B5C82668AD}.Release|Any CPU.ActiveCfg = Release|Any CPU
		{6631F09B-FDD3-4844-98B4-B3B5C82668AD}.Release|Any CPU.Build.0 = Release|Any CPU
		{7F64F2C5-40B7-4AD3-AA1F-7E1DB4292ADC}.Debug|Any CPU.ActiveCfg = Debug|Any CPU
		{7F64F2C5-40B7-4AD3-AA1F-7E1DB4292ADC}.Debug|Any CPU.Build.0 = Debug|Any CPU
		{7F64F2C5-40B7-4AD3-AA1F-7E1DB4292ADC}.Release|Any CPU.ActiveCfg = Release|Any CPU
		{7F64F2C5-40B7-4AD3-AA1F-7E1DB4292ADC}.Release|Any CPU.Build.0 = Release|Any CPU
	EndGlobalSection
	GlobalSection(SolutionProperties) = preSolution
		HideSolutionNode = FALSE
	EndGlobalSection
	GlobalSection(ExtensibilityGlobals) = postSolution
		SolutionGuid = {AE741506-FFEA-47B7-94CB-93E7BC1730E0}
	EndGlobalSection
EndGlobal
