
Microsoft Visual Studio Solution File, Format Version 12.00
# Visual Studio Version 17
VisualStudioVersion = 17.4.33213.308
MinimumVisualStudioVersion = 10.0.40219.1
Project("{9A19103F-16F7-4668-BE54-9A1E7A4F7556}") = "EuroBankAPI", "EuroBankAPI\EuroBankAPI.csproj", "{6631F09B-FDD3-4844-98B4-B3B5C82668AD}"
EndProject
Project("{9A19103F-16F7-4668-BE54-9A1E7A4F7556}") = "EuroBankTesting", "EuroBankTesting\EuroBankTesting.csproj", "{7F64F2C5-40B7-4AD3-AA1F-7E1DB4292ADC}"
EndProject
<<<<<<< Updated upstream
Project("{9A19103F-16F7-4668-BE54-9A1E7A4F7556}") = "ServiceChargesService", "ServiceChargesService\ServiceChargesService.csproj", "{79820666-9843-4ED9-BFC0-E0621019B471}"
EndProject
Project("{FAE04EC0-301F-11D3-BF4B-00C04F79EFBC}") = "ServiceChargesWorker", "ServiceChargesWorker\ServiceChargesWorker.csproj", "{C1CCAA06-E334-4B86-BF75-E199DE3B054A}"
=======
Project("{FAE04EC0-301F-11D3-BF4B-00C04F79EFBC}") = "ServiceChargesService", "ServiceChargesService\ServiceChargesService.csproj", "{79820666-9843-4ED9-BFC0-E0621019B471}"
>>>>>>> Stashed changes
EndProject
Global
	GlobalSection(SolutionConfigurationPlatforms) = preSolution
		Debug|Any CPU = Debug|Any CPU
		Release|Any CPU = Release|Any CPU
	EndGlobalSection
	GlobalSection(ProjectConfigurationPlatforms) = postSolution
		{6631F09B-FDD3-4844-98B4-B3B5C82668AD}.Debug|Any CPU.ActiveCfg = Debug|Any CPU
		{6631F09B-FDD3-4844-98B4-B3B5C82668AD}.Debug|Any CPU.Build.0 = Debug|Any CPU
		{6631F09B-FDD3-4844-98B4-B3B5C82668AD}.Release|Any CPU.ActiveCfg = Release|Any CPU
		{6631F09B-FDD3-4844-98B4-B3B5C82668AD}.Release|Any CPU.Build.0 = Release|Any CPU
		{7F64F2C5-40B7-4AD3-AA1F-7E1DB4292ADC}.Debug|Any CPU.ActiveCfg = Debug|Any CPU
		{7F64F2C5-40B7-4AD3-AA1F-7E1DB4292ADC}.Debug|Any CPU.Build.0 = Debug|Any CPU
		{7F64F2C5-40B7-4AD3-AA1F-7E1DB4292ADC}.Release|Any CPU.ActiveCfg = Release|Any CPU
		{7F64F2C5-40B7-4AD3-AA1F-7E1DB4292ADC}.Release|Any CPU.Build.0 = Release|Any CPU
		{79820666-9843-4ED9-BFC0-E0621019B471}.Debug|Any CPU.ActiveCfg = Debug|Any CPU
		{79820666-9843-4ED9-BFC0-E0621019B471}.Debug|Any CPU.Build.0 = Debug|Any CPU
		{79820666-9843-4ED9-BFC0-E0621019B471}.Release|Any CPU.ActiveCfg = Release|Any CPU
		{79820666-9843-4ED9-BFC0-E0621019B471}.Release|Any CPU.Build.0 = Release|Any CPU
<<<<<<< Updated upstream
		{C1CCAA06-E334-4B86-BF75-E199DE3B054A}.Debug|Any CPU.ActiveCfg = Debug|Any CPU
		{C1CCAA06-E334-4B86-BF75-E199DE3B054A}.Debug|Any CPU.Build.0 = Debug|Any CPU
		{C1CCAA06-E334-4B86-BF75-E199DE3B054A}.Release|Any CPU.ActiveCfg = Release|Any CPU
		{C1CCAA06-E334-4B86-BF75-E199DE3B054A}.Release|Any CPU.Build.0 = Release|Any CPU
=======
>>>>>>> Stashed changes
	EndGlobalSection
	GlobalSection(SolutionProperties) = preSolution
		HideSolutionNode = FALSE
	EndGlobalSection
	GlobalSection(ExtensibilityGlobals) = postSolution
		SolutionGuid = {AE741506-FFEA-47B7-94CB-93E7BC1730E0}
	EndGlobalSection
EndGlobal
